// !$*UTF8*$!
{
	archiveVersion = 1;
	classes = {
	};
	objectVersion = 46;
	objects = {

/* Begin PBXBuildFile section */
		0CAA8FF91BFB74B7005A91B8 /* PPTGoogleMapProvider.m in Sources */ = {isa = PBXBuildFile; fileRef = 0CAA8FF81BFB74B7005A91B8 /* PPTGoogleMapProvider.m */; };
		0CAA913C1BFB8086005A91B8 /* PPTGoogleMapManager.m in Sources */ = {isa = PBXBuildFile; fileRef = 0CAA91391BFB8086005A91B8 /* PPTGoogleMapManager.m */; };
		0CAA913D1BFB8086005A91B8 /* PPTGoogleMap.m in Sources */ = {isa = PBXBuildFile; fileRef = 0CAA913B1BFB8086005A91B8 /* PPTGoogleMap.m */; };
		5597FF181DA325B5007F2D2A /* PPTGooglePlacePicker.m in Sources */ = {isa = PBXBuildFile; fileRef = 5597FF171DA325B5007F2D2A /* PPTGooglePlacePicker.m */; };
		55DC02A51D72519A00AEA847 /* UIColor+HexString.m in Sources */ = {isa = PBXBuildFile; fileRef = 55DC02A41D72519A00AEA847 /* UIColor+HexString.m */; };
		5D9642BACE7DC2267DA0ECB2 /* Pods_PPTMapView.framework in Frameworks */ = {isa = PBXBuildFile; fileRef = A69FBAD01C1535D46AFB701B /* Pods_PPTMapView.framework */; };
/* End PBXBuildFile section */

/* Begin PBXCopyFilesBuildPhase section */
		58B511D91A9E6C8500147676 /* CopyFiles */ = {
			isa = PBXCopyFilesBuildPhase;
			buildActionMask = 2147483647;
			dstPath = "include/$(PRODUCT_NAME)";
			dstSubfolderSpec = 16;
			files = (
			);
			runOnlyForDeploymentPostprocessing = 0;
		};
/* End PBXCopyFilesBuildPhase section */

/* Begin PBXFileReference section */
		0CAA8FF71BFB74B7005A91B8 /* PPTGoogleMapProvider.h */ = {isa = PBXFileReference; fileEncoding = 4; lastKnownFileType = sourcecode.c.h; path = PPTGoogleMapProvider.h; sourceTree = "<group>"; };
		0CAA8FF81BFB74B7005A91B8 /* PPTGoogleMapProvider.m */ = {isa = PBXFileReference; fileEncoding = 4; lastKnownFileType = sourcecode.c.objc; path = PPTGoogleMapProvider.m; sourceTree = "<group>"; };
		0CAA91381BFB8086005A91B8 /* PPTGoogleMapManager.h */ = {isa = PBXFileReference; fileEncoding = 4; lastKnownFileType = sourcecode.c.h; path = PPTGoogleMapManager.h; sourceTree = "<group>"; };
		0CAA91391BFB8086005A91B8 /* PPTGoogleMapManager.m */ = {isa = PBXFileReference; fileEncoding = 4; lastKnownFileType = sourcecode.c.objc; path = PPTGoogleMapManager.m; sourceTree = "<group>"; };
		0CAA913A1BFB8086005A91B8 /* PPTGoogleMap.h */ = {isa = PBXFileReference; fileEncoding = 4; lastKnownFileType = sourcecode.c.h; path = PPTGoogleMap.h; sourceTree = "<group>"; };
		0CAA913B1BFB8086005A91B8 /* PPTGoogleMap.m */ = {isa = PBXFileReference; fileEncoding = 4; lastKnownFileType = sourcecode.c.objc; path = PPTGoogleMap.m; sourceTree = "<group>"; };
		134814201AA4EA6300B7C361 /* libPPTMapView.a */ = {isa = PBXFileReference; explicitFileType = archive.ar; includeInIndex = 0; path = libPPTMapView.a; sourceTree = BUILT_PRODUCTS_DIR; };
		23EB8C083093327BD62E3711 /* Pods-PPTMapView.release.xcconfig */ = {isa = PBXFileReference; includeInIndex = 1; lastKnownFileType = text.xcconfig; name = "Pods-PPTMapView.release.xcconfig"; path = "Pods/Target Support Files/Pods-PPTMapView/Pods-PPTMapView.release.xcconfig"; sourceTree = "<group>"; };
		5597FF161DA325B5007F2D2A /* PPTGooglePlacePicker.h */ = {isa = PBXFileReference; fileEncoding = 4; lastKnownFileType = sourcecode.c.h; path = PPTGooglePlacePicker.h; sourceTree = "<group>"; };
		5597FF171DA325B5007F2D2A /* PPTGooglePlacePicker.m */ = {isa = PBXFileReference; fileEncoding = 4; lastKnownFileType = sourcecode.c.objc; path = PPTGooglePlacePicker.m; sourceTree = "<group>"; };
		55DC02A31D72519A00AEA847 /* UIColor+HexString.h */ = {isa = PBXFileReference; fileEncoding = 4; lastKnownFileType = sourcecode.c.h; path = "UIColor+HexString.h"; sourceTree = "<group>"; };
		55DC02A41D72519A00AEA847 /* UIColor+HexString.m */ = {isa = PBXFileReference; fileEncoding = 4; lastKnownFileType = sourcecode.c.objc; path = "UIColor+HexString.m"; sourceTree = "<group>"; };
		A69FBAD01C1535D46AFB701B /* Pods_PPTMapView.framework */ = {isa = PBXFileReference; explicitFileType = wrapper.framework; includeInIndex = 0; path = Pods_PPTMapView.framework; sourceTree = BUILT_PRODUCTS_DIR; };
		DB5BA5BCA865538FCFCA7558 /* Pods-PPTMapView.debug.xcconfig */ = {isa = PBXFileReference; includeInIndex = 1; lastKnownFileType = text.xcconfig; name = "Pods-PPTMapView.debug.xcconfig"; path = "Pods/Target Support Files/Pods-PPTMapView/Pods-PPTMapView.debug.xcconfig"; sourceTree = "<group>"; };
/* End PBXFileReference section */

/* Begin PBXFrameworksBuildPhase section */
		58B511D81A9E6C8500147676 /* Frameworks */ = {
			isa = PBXFrameworksBuildPhase;
			buildActionMask = 2147483647;
			files = (
				5D9642BACE7DC2267DA0ECB2 /* Pods_PPTMapView.framework in Frameworks */,
			);
			runOnlyForDeploymentPostprocessing = 0;
		};
/* End PBXFrameworksBuildPhase section */

/* Begin PBXGroup section */
		134814211AA4EA7D00B7C361 /* Products */ = {
			isa = PBXGroup;
			children = (
				134814201AA4EA6300B7C361 /* libPPTMapView.a */,
			);
			name = Products;
			sourceTree = "<group>";
		};
		58B511D21A9E6C8500147676 = {
			isa = PBXGroup;
			children = (
				5597FF161DA325B5007F2D2A /* PPTGooglePlacePicker.h */,
				5597FF171DA325B5007F2D2A /* PPTGooglePlacePicker.m */,
				55DC02A31D72519A00AEA847 /* UIColor+HexString.h */,
				55DC02A41D72519A00AEA847 /* UIColor+HexString.m */,
				0CAA913A1BFB8086005A91B8 /* PPTGoogleMap.h */,
				0CAA913B1BFB8086005A91B8 /* PPTGoogleMap.m */,
				0CAA91381BFB8086005A91B8 /* PPTGoogleMapManager.h */,
				0CAA91391BFB8086005A91B8 /* PPTGoogleMapManager.m */,
				0CAA8FF71BFB74B7005A91B8 /* PPTGoogleMapProvider.h */,
				0CAA8FF81BFB74B7005A91B8 /* PPTGoogleMapProvider.m */,
				134814211AA4EA7D00B7C361 /* Products */,
				758A80F3AFCBAF77C2E2007C /* Pods */,
				BA150366278972D06F7F71D5 /* Frameworks */,
			);
			sourceTree = "<group>";
		};
		758A80F3AFCBAF77C2E2007C /* Pods */ = {
			isa = PBXGroup;
			children = (
				DB5BA5BCA865538FCFCA7558 /* Pods-PPTMapView.debug.xcconfig */,
				23EB8C083093327BD62E3711 /* Pods-PPTMapView.release.xcconfig */,
			);
			name = Pods;
			sourceTree = "<group>";
		};
		BA150366278972D06F7F71D5 /* Frameworks */ = {
			isa = PBXGroup;
			children = (
				A69FBAD01C1535D46AFB701B /* Pods_PPTMapView.framework */,
			);
			name = Frameworks;
			sourceTree = "<group>";
		};
/* End PBXGroup section */

/* Begin PBXNativeTarget section */
		58B511DA1A9E6C8500147676 /* PPTMapView */ = {
			isa = PBXNativeTarget;
			buildConfigurationList = 58B511EF1A9E6C8500147676 /* Build configuration list for PBXNativeTarget "PPTMapView" */;
			buildPhases = (
				45E023F6B17C435DC4FA912F /* [CP] Check Pods Manifest.lock */,
				58B511D71A9E6C8500147676 /* Sources */,
				58B511D81A9E6C8500147676 /* Frameworks */,
				58B511D91A9E6C8500147676 /* CopyFiles */,
				78AF06F3EE0A0033FBDE2BB1 /* [CP] Copy Pods Resources */,
			);
			buildRules = (
			);
			dependencies = (
			);
			name = PPTMapView;
			productName = RCTDataManager;
			productReference = 134814201AA4EA6300B7C361 /* libPPTMapView.a */;
			productType = "com.apple.product-type.library.static";
		};
/* End PBXNativeTarget section */

/* Begin PBXProject section */
		58B511D31A9E6C8500147676 /* Project object */ = {
			isa = PBXProject;
			attributes = {
				LastUpgradeCheck = 0800;
				ORGANIZATIONNAME = Facebook;
				TargetAttributes = {
					58B511DA1A9E6C8500147676 = {
						CreatedOnToolsVersion = 6.1.1;
					};
				};
			};
			buildConfigurationList = 58B511D61A9E6C8500147676 /* Build configuration list for PBXProject "PPTMapView" */;
			compatibilityVersion = "Xcode 3.2";
			developmentRegion = English;
			hasScannedForEncodings = 0;
			knownRegions = (
				en,
				ar,
				ca,
				cs,
				da,
				de,
				el,
				en_GB,
				es,
				fi,
				fr,
				he,
				hr,
				hu,
				id,
				it,
				ja,
				ko,
				ms,
				nb,
				nl,
				pl,
				pt,
				pt_PT,
				ro,
				ru,
				sk,
				sv,
				th,
				tr,
				uk,
				vi,
				zh_CN,
				zh_TW,
			);
			mainGroup = 58B511D21A9E6C8500147676;
			productRefGroup = 58B511D21A9E6C8500147676;
			projectDirPath = "";
			projectRoot = "";
			targets = (
				58B511DA1A9E6C8500147676 /* PPTMapView */,
			);
		};
/* End PBXProject section */

/* Begin PBXShellScriptBuildPhase section */
		45E023F6B17C435DC4FA912F /* [CP] Check Pods Manifest.lock */ = {
			isa = PBXShellScriptBuildPhase;
			buildActionMask = 2147483647;
			files = (
			);
			inputPaths = (
			);
			name = "[CP] Check Pods Manifest.lock";
			outputPaths = (
			);
			runOnlyForDeploymentPostprocessing = 0;
			shellPath = /bin/sh;
			shellScript = "diff \"${PODS_ROOT}/../Podfile.lock\" \"${PODS_ROOT}/Manifest.lock\" > /dev/null\nif [ $? != 0 ] ; then\n    # print error to STDERR\n    echo \"error: The sandbox is not in sync with the Podfile.lock. Run 'pod install' or update your CocoaPods installation.\" >&2\n    exit 1\nfi\n";
			showEnvVarsInLog = 0;
		};
		78AF06F3EE0A0033FBDE2BB1 /* [CP] Copy Pods Resources */ = {
			isa = PBXShellScriptBuildPhase;
			buildActionMask = 2147483647;
			files = (
			);
			inputPaths = (
			);
			name = "[CP] Copy Pods Resources";
			outputPaths = (
			);
			runOnlyForDeploymentPostprocessing = 0;
			shellPath = /bin/sh;
			shellScript = "\"${SRCROOT}/Pods/Target Support Files/Pods-PPTMapView/Pods-PPTMapView-resources.sh\"\n";
			showEnvVarsInLog = 0;
		};
/* End PBXShellScriptBuildPhase section */

/* Begin PBXSourcesBuildPhase section */
		58B511D71A9E6C8500147676 /* Sources */ = {
			isa = PBXSourcesBuildPhase;
			buildActionMask = 2147483647;
			files = (
				0CAA913C1BFB8086005A91B8 /* PPTGoogleMapManager.m in Sources */,
				0CAA8FF91BFB74B7005A91B8 /* PPTGoogleMapProvider.m in Sources */,
				5597FF181DA325B5007F2D2A /* PPTGooglePlacePicker.m in Sources */,
				55DC02A51D72519A00AEA847 /* UIColor+HexString.m in Sources */,
				0CAA913D1BFB8086005A91B8 /* PPTGoogleMap.m in Sources */,
			);
			runOnlyForDeploymentPostprocessing = 0;
		};
/* End PBXSourcesBuildPhase section */

/* Begin XCBuildConfiguration section */
		58B511ED1A9E6C8500147676 /* Debug */ = {
			isa = XCBuildConfiguration;
			buildSettings = {
				ALWAYS_SEARCH_USER_PATHS = NO;
				CLANG_ANALYZER_LOCALIZABILITY_NONLOCALIZED = YES;
				CLANG_CXX_LANGUAGE_STANDARD = "gnu++0x";
				CLANG_CXX_LIBRARY = "libc++";
				CLANG_ENABLE_MODULES = YES;
				CLANG_ENABLE_OBJC_ARC = YES;
				CLANG_WARN_BOOL_CONVERSION = YES;
				CLANG_WARN_CONSTANT_CONVERSION = YES;
				CLANG_WARN_DIRECT_OBJC_ISA_USAGE = YES_ERROR;
				CLANG_WARN_EMPTY_BODY = YES;
				CLANG_WARN_ENUM_CONVERSION = YES;
				CLANG_WARN_INFINITE_RECURSION = YES;
				CLANG_WARN_INT_CONVERSION = YES;
				CLANG_WARN_OBJC_ROOT_CLASS = YES_ERROR;
				CLANG_WARN_SUSPICIOUS_MOVE = YES;
				CLANG_WARN_UNREACHABLE_CODE = YES;
				CLANG_WARN__DUPLICATE_METHOD_MATCH = YES;
				COPY_PHASE_STRIP = NO;
				ENABLE_STRICT_OBJC_MSGSEND = YES;
				ENABLE_TESTABILITY = YES;
				FRAMEWORK_SEARCH_PATHS = (
					"$(inherited)",
					"$(SRCROOT)/../../react-native/React",
				);
				GCC_C_LANGUAGE_STANDARD = gnu99;
				GCC_DYNAMIC_NO_PIC = NO;
				GCC_NO_COMMON_BLOCKS = YES;
				GCC_OPTIMIZATION_LEVEL = 0;
				GCC_PREPROCESSOR_DEFINITIONS = (
					"DEBUG=1",
					"$(inherited)",
				);
				GCC_SYMBOLS_PRIVATE_EXTERN = NO;
				GCC_WARN_64_TO_32_BIT_CONVERSION = YES;
				GCC_WARN_ABOUT_RETURN_TYPE = YES_ERROR;
				GCC_WARN_UNDECLARED_SELECTOR = YES;
				GCC_WARN_UNINITIALIZED_AUTOS = YES_AGGRESSIVE;
				GCC_WARN_UNUSED_FUNCTION = YES;
				GCC_WARN_UNUSED_VARIABLE = YES;
				HEADER_SEARCH_PATHS = "/Users/cwikla/dev/NameTag/node_modules/react-native/React/**";
				IPHONEOS_DEPLOYMENT_TARGET = 8.0;
				MTL_ENABLE_DEBUG_INFO = YES;
				ONLY_ACTIVE_ARCH = YES;
				SDKROOT = iphoneos;
			};
			name = Debug;
		};
		58B511EE1A9E6C8500147676 /* Release */ = {
			isa = XCBuildConfiguration;
			buildSettings = {
				ALWAYS_SEARCH_USER_PATHS = NO;
				CLANG_ANALYZER_LOCALIZABILITY_NONLOCALIZED = YES;
				CLANG_CXX_LANGUAGE_STANDARD = "gnu++0x";
				CLANG_CXX_LIBRARY = "libc++";
				CLANG_ENABLE_MODULES = YES;
				CLANG_ENABLE_OBJC_ARC = YES;
				CLANG_WARN_BOOL_CONVERSION = YES;
				CLANG_WARN_CONSTANT_CONVERSION = YES;
				CLANG_WARN_DIRECT_OBJC_ISA_USAGE = YES_ERROR;
				CLANG_WARN_EMPTY_BODY = YES;
				CLANG_WARN_ENUM_CONVERSION = YES;
				CLANG_WARN_INFINITE_RECURSION = YES;
				CLANG_WARN_INT_CONVERSION = YES;
				CLANG_WARN_OBJC_ROOT_CLASS = YES_ERROR;
				CLANG_WARN_SUSPICIOUS_MOVE = YES;
				CLANG_WARN_UNREACHABLE_CODE = YES;
				CLANG_WARN__DUPLICATE_METHOD_MATCH = YES;
				COPY_PHASE_STRIP = YES;
				ENABLE_NS_ASSERTIONS = NO;
				ENABLE_STRICT_OBJC_MSGSEND = YES;
				FRAMEWORK_SEARCH_PATHS = (
					"$(inherited)",
					"$(SRCROOT)/../../react-native/React",
				);
				GCC_C_LANGUAGE_STANDARD = gnu99;
				GCC_NO_COMMON_BLOCKS = YES;
				GCC_WARN_64_TO_32_BIT_CONVERSION = YES;
				GCC_WARN_ABOUT_RETURN_TYPE = YES_ERROR;
				GCC_WARN_UNDECLARED_SELECTOR = YES;
				GCC_WARN_UNINITIALIZED_AUTOS = YES_AGGRESSIVE;
				GCC_WARN_UNUSED_FUNCTION = YES;
				GCC_WARN_UNUSED_VARIABLE = YES;
				HEADER_SEARCH_PATHS = "/Users/cwikla/dev/NameTag/node_modules/react-native/React/**";
				IPHONEOS_DEPLOYMENT_TARGET = 8.0;
				MTL_ENABLE_DEBUG_INFO = NO;
				SDKROOT = iphoneos;
				VALIDATE_PRODUCT = YES;
			};
			name = Release;
		};
		58B511F01A9E6C8500147676 /* Debug */ = {
			isa = XCBuildConfiguration;
			baseConfigurationReference = DB5BA5BCA865538FCFCA7558 /* Pods-PPTMapView.debug.xcconfig */;
			buildSettings = {
				FRAMEWORK_SEARCH_PATHS = "$(inherited)";
				HEADER_SEARCH_PATHS = "$(inherited)";
				LIBRARY_SEARCH_PATHS = "$(inherited)";
				OTHER_LDFLAGS = "-ObjC";
				PRODUCT_NAME = PPTMapView;
				SKIP_INSTALL = YES;
			};
			name = Debug;
		};
		58B511F11A9E6C8500147676 /* Release */ = {
			isa = XCBuildConfiguration;
			baseConfigurationReference = 23EB8C083093327BD62E3711 /* Pods-PPTMapView.release.xcconfig */;
			buildSettings = {
				FRAMEWORK_SEARCH_PATHS = "$(inherited)";
				HEADER_SEARCH_PATHS = "$(inherited)";
				LIBRARY_SEARCH_PATHS = "$(inherited)";
				OTHER_LDFLAGS = "-ObjC";
				PRODUCT_NAME = PPTMapView;
				SKIP_INSTALL = YES;
			};
			name = Release;
		};
/* End XCBuildConfiguration section */

/* Begin XCConfigurationList section */
		58B511D61A9E6C8500147676 /* Build configuration list for PBXProject "PPTMapView" */ = {
			isa = XCConfigurationList;
			buildConfigurations = (
				58B511ED1A9E6C8500147676 /* Debug */,
				58B511EE1A9E6C8500147676 /* Release */,
			);
			defaultConfigurationIsVisible = 0;
			defaultConfigurationName = Release;
		};
		58B511EF1A9E6C8500147676 /* Build configuration list for PBXNativeTarget "PPTMapView" */ = {
			isa = XCConfigurationList;
			buildConfigurations = (
				58B511F01A9E6C8500147676 /* Debug */,
				58B511F11A9E6C8500147676 /* Release */,
			);
			defaultConfigurationIsVisible = 0;
			defaultConfigurationName = Release;
		};
/* End XCConfigurationList section */
	};
	rootObject = 58B511D31A9E6C8500147676 /* Project object */;
}
